Microsoft Visual Studio Solution File, Format Version 11.00
# Visual Studio 2008

Project("{EAD0C16E-4633-B66F-21A1-451A0963A1B8}") = "BattleRoom", "Assembly-CSharp-firstpass-vs.csproj", "{63915D41-4744-E3A1-788D-2C33866FC4A4}"
EndProject
Project("{EAD0C16E-4633-B66F-21A1-451A0963A1B8}") = "BattleRoom", "Assembly-CSharp-vs.csproj", "{4A7C56BC-3E1F-C7D6-AAE3-C92ED833C801}"
EndProject
Global
	GlobalSection(SolutionConfigurationPlatforms) = preSolution
		Debug|Any CPU = Debug|Any CPU
		Release|Any CPU = Release|Any CPU
	EndGlobalSection
	GlobalSection(ProjectConfigurationPlatforms) = postSolution
		{63915D41-4744-E3A1-788D-2C33866FC4A4}.Debug|Any CPU.ActiveCfg = Debug|Any CPU
		{63915D41-4744-E3A1-788D-2C33866FC4A4}.Debug|Any CPU.Build.0 = Debug|Any CPU
		{63915D41-4744-E3A1-788D-2C33866FC4A4}.Release|Any CPU.ActiveCfg = Release|Any CPU
		{63915D41-4744-E3A1-788D-2C33866FC4A4}.Release|Any CPU.Build.0 = Release|Any CPU
		{4A7C56BC-3E1F-C7D6-AAE3-C92ED833C801}.Debug|Any CPU.ActiveCfg = Debug|Any CPU
		{4A7C56BC-3E1F-C7D6-AAE3-C92ED833C801}.Debug|Any CPU.Build.0 = Debug|Any CPU
		{4A7C56BC-3E1F-C7D6-AAE3-C92ED833C801}.Release|Any CPU.ActiveCfg = Release|Any CPU
		{4A7C56BC-3E1F-C7D6-AAE3-C92ED833C801}.Release|Any CPU.Build.0 = Release|Any CPU
	EndGlobalSection
	GlobalSection(SolutionProperties) = preSolution
		HideSolutionNode = FALSE
	EndGlobalSection
																		GlobalSection(MonoDevelopProperties) = preSolution
		StartupItem = Assembly-CSharp.csproj
		Policies = $0
		$0.TextStylePolicy = $1
		$1.inheritsSet = null
		$1.scope = text/x-csharp
		$0.CSharpFormattingPolicy = $2
		$2.inheritsSet = Mono
		$2.inheritsScope = text/x-csharp
		$2.scope = text/x-csharp
		$0.TextStylePolicy = $3
		$3.FileWidth = 120
		$3.TabWidth = 4
		$3.EolMarker = Unix
		$3.inheritsSet = Mono
		$3.inheritsScope = text/plain
		$3.scope = text/plain
	EndGlobalSection

EndGlobal
